{
  "name": "crypto",
  "lockfileVersion": 3,
  "requires": true,
  "packages": {
    "": {
      "dependencies": {
        "shopisticate-css": "^1.0.0"
      }
    },
    "node_modules/shopisticate-css": {
      "version": "1.0.0",
      "resolved": "https://registry.npmjs.org/shopisticate-css/-/shopisticate-css-1.0.0.tgz",
      "integrity": "sha512-Ub8lQiCyRb60kf5WRQ5abEMAgwo39jsObrUzayTBEWRnZ7QUI/UZnMebRfAhIr6qu6HpY+7SMavxV5ZMv8w11A==",
      "license": "ISC"
    }
  }
}
